
Microsoft Visual Studio Solution File, Format Version 12.00
# Visual Studio 14
VisualStudioVersion = 14.0.25420.1
MinimumVisualStudioVersion = 10.0.40219.1
Project("{FAE04EC0-301F-11D3-BF4B-00C04F79EFBC}") = "Chap02", "Chap02\Chap02.csproj", "{3A8B5016-916F-4C8E-A2AA-13A7572B129E}"
EndProject
Project("{FAE04EC0-301F-11D3-BF4B-00C04F79EFBC}") = "Chap04", "Chap04\Chap04.csproj", "{FE9BF4F0-A3F9-4DC9-A4B7-FE6C2C03B466}"
EndProject
Project("{FAE04EC0-301F-11D3-BF4B-00C04F79EFBC}") = "Chap03", "Chap03\Chap03.csproj", "{41417D4D-26CC-4332-A00A-BF00F7932BE7}"
EndProject
Project("{FAE04EC0-301F-11D3-BF4B-00C04F79EFBC}") = "Chap05", "Chap05\Chap05.csproj", "{77A8B882-8B22-4E84-A65F-07AF71C14015}"
EndProject
Project("{FAE04EC0-301F-11D3-BF4B-00C04F79EFBC}") = "Chap06", "Chap06\Chap06.csproj", "{7795D4C8-667F-46A4-BC0A-3824080DDBAA}"
EndProject
Project("{FAE04EC0-301F-11D3-BF4B-00C04F79EFBC}") = "Chap07", "Chap07\Chap07.csproj", "{945E3343-C096-4F51-964B-87133866B71F}"
EndProject
Global
	GlobalSection(SolutionConfigurationPlatforms) = preSolution
		Debug|Any CPU = Debug|Any CPU
		Release|Any CPU = Release|Any CPU
	EndGlobalSection
	GlobalSection(ProjectConfigurationPlatforms) = postSolution
		{3A8B5016-916F-4C8E-A2AA-13A7572B129E}.Debug|Any CPU.ActiveCfg = Debug|Any CPU
		{3A8B5016-916F-4C8E-A2AA-13A7572B129E}.Debug|Any CPU.Build.0 = Debug|Any CPU
		{3A8B5016-916F-4C8E-A2AA-13A7572B129E}.Release|Any CPU.ActiveCfg = Release|Any CPU
		{3A8B5016-916F-4C8E-A2AA-13A7572B129E}.Release|Any CPU.Build.0 = Release|Any CPU
		{FE9BF4F0-A3F9-4DC9-A4B7-FE6C2C03B466}.Debug|Any CPU.ActiveCfg = Debug|Any CPU
		{FE9BF4F0-A3F9-4DC9-A4B7-FE6C2C03B466}.Debug|Any CPU.Build.0 = Debug|Any CPU
		{FE9BF4F0-A3F9-4DC9-A4B7-FE6C2C03B466}.Release|Any CPU.ActiveCfg = Release|Any CPU
		{FE9BF4F0-A3F9-4DC9-A4B7-FE6C2C03B466}.Release|Any CPU.Build.0 = Release|Any CPU
		{41417D4D-26CC-4332-A00A-BF00F7932BE7}.Debug|Any CPU.ActiveCfg = Debug|Any CPU
		{41417D4D-26CC-4332-A00A-BF00F7932BE7}.Debug|Any CPU.Build.0 = Debug|Any CPU
		{41417D4D-26CC-4332-A00A-BF00F7932BE7}.Release|Any CPU.ActiveCfg = Release|Any CPU
		{41417D4D-26CC-4332-A00A-BF00F7932BE7}.Release|Any CPU.Build.0 = Release|Any CPU
		{77A8B882-8B22-4E84-A65F-07AF71C14015}.Debug|Any CPU.ActiveCfg = Debug|Any CPU
		{77A8B882-8B22-4E84-A65F-07AF71C14015}.Debug|Any CPU.Build.0 = Debug|Any CPU
		{77A8B882-8B22-4E84-A65F-07AF71C14015}.Release|Any CPU.ActiveCfg = Release|Any CPU
		{77A8B882-8B22-4E84-A65F-07AF71C14015}.Release|Any CPU.Build.0 = Release|Any CPU
		{7795D4C8-667F-46A4-BC0A-3824080DDBAA}.Debug|Any CPU.ActiveCfg = Debug|Any CPU
		{7795D4C8-667F-46A4-BC0A-3824080DDBAA}.Debug|Any CPU.Build.0 = Debug|Any CPU
		{7795D4C8-667F-46A4-BC0A-3824080DDBAA}.Release|Any CPU.ActiveCfg = Release|Any CPU
		{7795D4C8-667F-46A4-BC0A-3824080DDBAA}.Release|Any CPU.Build.0 = Release|Any CPU
		{945E3343-C096-4F51-964B-87133866B71F}.Debug|Any CPU.ActiveCfg = Debug|Any CPU
		{945E3343-C096-4F51-964B-87133866B71F}.Debug|Any CPU.Build.0 = Debug|Any CPU
		{945E3343-C096-4F51-964B-87133866B71F}.Release|Any CPU.ActiveCfg = Release|Any CPU
		{945E3343-C096-4F51-964B-87133866B71F}.Release|Any CPU.Build.0 = Release|Any CPU
	EndGlobalSection
	GlobalSection(SolutionProperties) = preSolution
		HideSolutionNode = FALSE
	EndGlobalSection
EndGlobal
